# @generated by Move, please check-in and do not edit manually.

[move]
version = 3
manifest_digest = "A8011D34C348B7C3C0D90FE230E79A949272D8F27F19DCC9B487F1EB778A8E1C"
deps_digest = "F8BBB0CCB2491CA29A3DF03D6F92277A4F3574266507ACD77214D37ECA3F3082"
dependencies = [
  { id = "One", name = "One" },
]

[[move.package]]
id = "MoveStdlib"
source = { git = "https://github.com/one-chain-labs/onechain.git", rev = "main", subdir = "crates\\sui-framework\\packages\\move-stdlib" }

[[move.package]]
id = "One"
source = { git = "https://github.com/one-chain-labs/onechain.git", rev = "main", subdir = "crates/sui-framework/packages/one-framework" }

dependencies = [
  { id = "MoveStdlib", name = "MoveStdlib" },
]

[move.toolchain-version]
compiler-version = "1.0.1"
edition = "2024.beta"
flavor = "one"

[env]

[env.testnet]
chain-id = "1bd5c965"
original-published-id = "0x6b440cd253625024a9b56d3a5d100a3eab9565aff9b1378d7e68795a423f0d58"
latest-published-id = "0x6b440cd253625024a9b56d3a5d100a3eab9565aff9b1378d7e68795a423f0d58"
published-version = "1"
