# @generated by Move, please check-in and do not edit manually.

[move]
version = 3
manifest_digest = "BAD7E51233EB61F832C55326230A5B4EB2FFEF67A52AF5613082B24E1D83C2CE"
deps_digest = "F8BBB0CCB2491CA29A3DF03D6F92277A4F3574266507ACD77214D37ECA3F3082"
dependencies = [
  { id = "One", name = "One" },
]

[[move.package]]
id = "MoveStdlib"
source = { git = "https://github.com/one-chain-labs/onechain.git", rev = "main", subdir = "crates\\sui-framework\\packages\\move-stdlib" }

[[move.package]]
id = "One"
source = { git = "https://github.com/one-chain-labs/onechain.git", rev = "main", subdir = "crates/sui-framework/packages/one-framework" }

dependencies = [
  { id = "MoveStdlib", name = "MoveStdlib" },
]

[move.toolchain-version]
compiler-version = "1.0.1"
edition = "2024.beta"
flavor = "one"

[env]

[env.testnet]
chain-id = "1bd5c965"
original-published-id = "0x0bef86dd83b743276d931cf010fbc278e356062899bd2167c03dbd1e36570b81"
latest-published-id = "0x0bef86dd83b743276d931cf010fbc278e356062899bd2167c03dbd1e36570b81"
published-version = "1"
